github.com/tetratelabs/wazero v1.9.0 h1:IcZ56OuxrtaEz8UYNRHBrUa9bYeX9oVY93KspZZBf/I=
github.com/tetratelabs/wazero v1.9.0/go.mod h1:TSbcXCfFP0L2FGkRPxHphadXPjo1T6W+CseNNY7EkjM=
google.golang.org/protobuf v1.36.11 h1:fV6ZwhNocDyBLK0dj+fg8ektcVegBBuEolpbTQyBNVE=
google.golang.org/protobuf v1.36.11/go.mod h1:HTf+CrKn2C3g5S8VImy6tdcUvCska2kB7j23XfzDpco=
